Microsoft Visual Studio Solution File, Format Version 11.00
# Visual Studio 2008

Project("{5A0C48B1-ED64-E81C-13D3-BA7FE95A386C}") = "gameMock", "Assembly-CSharp.csproj", "{1E6E9937-4665-C6C8-2589-6F562D2D3975}"
EndProject
Global
	GlobalSection(SolutionConfigurationPlatforms) = preSolution
		Debug|Any CPU = Debug|Any CPU
		Release|Any CPU = Release|Any CPU
	EndGlobalSection
	GlobalSection(ProjectConfigurationPlatforms) = postSolution
		{1E6E9937-4665-C6C8-2589-6F562D2D3975}.Debug|Any CPU.ActiveCfg = Debug|Any CPU
		{1E6E9937-4665-C6C8-2589-6F562D2D3975}.Debug|Any CPU.Build.0 = Debug|Any CPU
		{1E6E9937-4665-C6C8-2589-6F562D2D3975}.Release|Any CPU.ActiveCfg = Release|Any CPU
		{1E6E9937-4665-C6C8-2589-6F562D2D3975}.Release|Any CPU.Build.0 = Release|Any CPU
	EndGlobalSection
	GlobalSection(SolutionProperties) = preSolution
		HideSolutionNode = FALSE
	EndGlobalSection
	GlobalSection(MonoDevelopProperties) = preSolution
		StartupItem = Assembly-CSharp.csproj
	EndGlobalSection
EndGlobal
